// !$*UTF8*$!
{
	archiveVersion = 1;
	classes = {
	};
	objectVersion = 56;
	objects = {

/* Begin PBXBuildFile section */
		4362D69329091DDD00A92FFC /* SwiftGraphQLApolloSampleApp.swift in Sources */ = {isa = PBXBuildFile; fileRef = 4362D69229091DDD00A92FFC /* SwiftGraphQLApolloSampleApp.swift */; };
		4362D69529091DDD00A92FFC /* ContentView.swift in Sources */ = {isa = PBXBuildFile; fileRef = 4362D69429091DDD00A92FFC /* ContentView.swift */; };
		4362D69729091DDE00A92FFC /* Assets.xcassets in Resources */ = {isa = PBXBuildFile; fileRef = 4362D69629091DDE00A92FFC /* Assets.xcassets */; };
		4362D69A29091DDE00A92FFC /* Preview Assets.xcassets in Resources */ = {isa = PBXBuildFile; fileRef = 4362D69929091DDE00A92FFC /* Preview Assets.xcassets */; };
		4362D6A229091EF100A92FFC /* Apollo in Frameworks */ = {isa = PBXBuildFile; productRef = 4362D6A129091EF100A92FFC /* Apollo */; };
		4362D6A429091EF100A92FFC /* Apollo-Dynamic in Frameworks */ = {isa = PBXBuildFile; productRef = 4362D6A329091EF100A92FFC /* Apollo-Dynamic */; };
		4362D6A629091EF100A92FFC /* ApolloAPI in Frameworks */ = {isa = PBXBuildFile; productRef = 4362D6A529091EF100A92FFC /* ApolloAPI */; };
		4362D6A829091EF100A92FFC /* ApolloCodegenLib in Frameworks */ = {isa = PBXBuildFile; productRef = 4362D6A729091EF100A92FFC /* ApolloCodegenLib */; };
		4362D6AA29091EF100A92FFC /* ApolloSQLite in Frameworks */ = {isa = PBXBuildFile; productRef = 4362D6A929091EF100A92FFC /* ApolloSQLite */; };
		4362D6AC29091EF100A92FFC /* ApolloTestSupport in Frameworks */ = {isa = PBXBuildFile; productRef = 4362D6AB29091EF100A92FFC /* ApolloTestSupport */; };
		4362D6AE29091EF100A92FFC /* ApolloWebSocket in Frameworks */ = {isa = PBXBuildFile; productRef = 4362D6AD29091EF100A92FFC /* ApolloWebSocket */; };
		4362D6B029091EF100A92FFC /* apollo-ios-cli in Frameworks */ = {isa = PBXBuildFile; productRef = 4362D6AF29091EF100A92FFC /* apollo-ios-cli */; };
/* End PBXBuildFile section */

/* Begin PBXFileReference section */
		4362D68F29091DDD00A92FFC /* SwiftGraphQLApolloSample.app */ = {isa = PBXFileReference; explicitFileType = wrapper.application; includeInIndex = 0; path = SwiftGraphQLApolloSample.app; sourceTree = BUILT_PRODUCTS_DIR; };
		4362D69229091DDD00A92FFC /* SwiftGraphQLApolloSampleApp.swift */ = {isa = PBXFileReference; lastKnownFileType = sourcecode.swift; path = SwiftGraphQLApolloSampleApp.swift; sourceTree = "<group>"; };
		4362D69429091DDD00A92FFC /* ContentView.swift */ = {isa = PBXFileReference; lastKnownFileType = sourcecode.swift; path = ContentView.swift; sourceTree = "<group>"; };
		4362D69629091DDE00A92FFC /* Assets.xcassets */ = {isa = PBXFileReference; lastKnownFileType = folder.assetcatalog; path = Assets.xcassets; sourceTree = "<group>"; };
		4362D69929091DDE00A92FFC /* Preview Assets.xcassets */ = {isa = PBXFileReference; lastKnownFileType = folder.assetcatalog; path = "Preview Assets.xcassets"; sourceTree = "<group>"; };
/* End PBXFileReference section */

/* Begin PBXFrameworksBuildPhase section */
		4362D68C29091DDD00A92FFC /* Frameworks */ = {
			isa = PBXFrameworksBuildPhase;
			buildActionMask = 2147483647;
			files = (
				4362D6A629091EF100A92FFC /* ApolloAPI in Frameworks */,
				4362D6A229091EF100A92FFC /* Apollo in Frameworks */,
				4362D6B029091EF100A92FFC /* apollo-ios-cli in Frameworks */,
				4362D6AA29091EF100A92FFC /* ApolloSQLite in Frameworks */,
				4362D6AC29091EF100A92FFC /* ApolloTestSupport in Frameworks */,
				4362D6AE29091EF100A92FFC /* ApolloWebSocket in Frameworks */,
				4362D6A429091EF100A92FFC /* Apollo-Dynamic in Frameworks */,
				4362D6A829091EF100A92FFC /* ApolloCodegenLib in Frameworks */,
			);
			runOnlyForDeploymentPostprocessing = 0;
		};
/* End PBXFrameworksBuildPhase section */

/* Begin PBXGroup section */
		4362D68629091DDD00A92FFC = {
			isa = PBXGroup;
			children = (
				4362D69129091DDD00A92FFC /* SwiftGraphQLApolloSample */,
				4362D69029091DDD00A92FFC /* Products */,
			);
			sourceTree = "<group>";
		};
		4362D69029091DDD00A92FFC /* Products */ = {
			isa = PBXGroup;
			children = (
				4362D68F29091DDD00A92FFC /* SwiftGraphQLApolloSample.app */,
			);
			name = Products;
			sourceTree = "<group>";
		};
		4362D69129091DDD00A92FFC /* SwiftGraphQLApolloSample */ = {
			isa = PBXGroup;
			children = (
				4362D69229091DDD00A92FFC /* SwiftGraphQLApolloSampleApp.swift */,
				4362D69429091DDD00A92FFC /* ContentView.swift */,
				4362D69629091DDE00A92FFC /* Assets.xcassets */,
				4362D69829091DDE00A92FFC /* Preview Content */,
			);
			path = SwiftGraphQLApolloSample;
			sourceTree = "<group>";
		};
		4362D69829091DDE00A92FFC /* Preview Content */ = {
			isa = PBXGroup;
			children = (
				4362D69929091DDE00A92FFC /* Preview Assets.xcassets */,
			);
			path = "Preview Content";
			sourceTree = "<group>";
		};
/* End PBXGroup section */

/* Begin PBXNativeTarget section */
		4362D68E29091DDD00A92FFC /* SwiftGraphQLApolloSample */ = {
			isa = PBXNativeTarget;
			buildConfigurationList = 4362D69D29091DDE00A92FFC /* Build configuration list for PBXNativeTarget "SwiftGraphQLApolloSample" */;
			buildPhases = (
				4362D68B29091DDD00A92FFC /* Sources */,
				4362D68C29091DDD00A92FFC /* Frameworks */,
				4362D68D29091DDD00A92FFC /* Resources */,
			);
			buildRules = (
			);
			dependencies = (
			);
			name = SwiftGraphQLApolloSample;
			packageProductDependencies = (
				4362D6A129091EF100A92FFC /* Apollo */,
				4362D6A329091EF100A92FFC /* Apollo-Dynamic */,
				4362D6A529091EF100A92FFC /* ApolloAPI */,
				4362D6A729091EF100A92FFC /* ApolloCodegenLib */,
				4362D6A929091EF100A92FFC /* ApolloSQLite */,
				4362D6AB29091EF100A92FFC /* ApolloTestSupport */,
				4362D6AD29091EF100A92FFC /* ApolloWebSocket */,
				4362D6AF29091EF100A92FFC /* apollo-ios-cli */,
			);
			productName = SwiftGraphQLApolloSample;
			productReference = 4362D68F29091DDD00A92FFC /* SwiftGraphQLApolloSample.app */;
			productType = "com.apple.product-type.application";
		};
/* End PBXNativeTarget section */

/* Begin PBXProject section */
		4362D68729091DDD00A92FFC /* Project object */ = {
			isa = PBXProject;
			attributes = {
				BuildIndependentTargetsInParallel = 1;
				LastSwiftUpdateCheck = 1400;
				LastUpgradeCheck = 1400;
				TargetAttributes = {
					4362D68E29091DDD00A92FFC = {
						CreatedOnToolsVersion = 14.0.1;
					};
				};
			};
			buildConfigurationList = 4362D68A29091DDD00A92FFC /* Build configuration list for PBXProject "SwiftGraphQLApolloSample" */;
			compatibilityVersion = "Xcode 14.0";
			developmentRegion = en;
			hasScannedForEncodings = 0;
			knownRegions = (
				en,
				Base,
			);
			mainGroup = 4362D68629091DDD00A92FFC;
			packageReferences = (
				4362D6A029091EF100A92FFC /* XCRemoteSwiftPackageReference "apollo-ios" */,
			);
			productRefGroup = 4362D69029091DDD00A92FFC /* Products */;
			projectDirPath = "";
			projectRoot = "";
			targets = (
				4362D68E29091DDD00A92FFC /* SwiftGraphQLApolloSample */,
			);
		};
/* End PBXProject section */

/* Begin PBXResourcesBuildPhase section */
		4362D68D29091DDD00A92FFC /* Resources */ = {
			isa = PBXResourcesBuildPhase;
			buildActionMask = 2147483647;
			files = (
				4362D69A29091DDE00A92FFC /* Preview Assets.xcassets in Resources */,
				4362D69729091DDE00A92FFC /* Assets.xcassets in Resources */,
			);
			runOnlyForDeploymentPostprocessing = 0;
		};
/* End PBXResourcesBuildPhase section */

/* Begin PBXSourcesBuildPhase section */
		4362D68B29091DDD00A92FFC /* Sources */ = {
			isa = PBXSourcesBuildPhase;
			buildActionMask = 2147483647;
			files = (
				4362D69529091DDD00A92FFC /* ContentView.swift in Sources */,
				4362D69329091DDD00A92FFC /* SwiftGraphQLApolloSampleApp.swift in Sources */,
			);
			runOnlyForDeploymentPostprocessing = 0;
		};
/* End PBXSourcesBuildPhase section */

/* Begin XCBuildConfiguration section */
		4362D69B29091DDE00A92FFC /* Debug */ = {
			isa = XCBuildConfiguration;
			buildSettings = {
				ALWAYS_SEARCH_USER_PATHS = NO;
				CLANG_ANALYZER_NONNULL = YES;
				CLANG_ANALYZER_NUMBER_OBJECT_CONVERSION = YES_AGGRESSIVE;
				CLANG_CXX_LANGUAGE_STANDARD = "gnu++20";
				CLANG_ENABLE_MODULES = YES;
				CLANG_ENABLE_OBJC_ARC = YES;
				CLANG_ENABLE_OBJC_WEAK = YES;
				CLANG_WARN_BLOCK_CAPTURE_AUTORELEASING = YES;
				CLANG_WARN_BOOL_CONVERSION = YES;
				CLANG_WARN_COMMA = YES;
				CLANG_WARN_CONSTANT_CONVERSION = YES;
				CLANG_WARN_DEPRECATED_OBJC_IMPLEMENTATIONS = YES;
				CLANG_WARN_DIRECT_OBJC_ISA_USAGE = YES_ERROR;
				CLANG_WARN_DOCUMENTATION_COMMENTS = YES;
				CLANG_WARN_EMPTY_BODY = YES;
				CLANG_WARN_ENUM_CONVERSION = YES;
				CLANG_WARN_INFINITE_RECURSION = YES;
				CLANG_WARN_INT_CONVERSION = YES;
				CLANG_WARN_NON_LITERAL_NULL_CONVERSION = YES;
				CLANG_WARN_OBJC_IMPLICIT_RETAIN_SELF = YES;
				CLANG_WARN_OBJC_LITERAL_CONVERSION = YES;
				CLANG_WARN_OBJC_ROOT_CLASS = YES_ERROR;
				CLANG_WARN_QUOTED_INCLUDE_IN_FRAMEWORK_HEADER = YES;
				CLANG_WARN_RANGE_LOOP_ANALYSIS = YES;
				CLANG_WARN_STRICT_PROTOTYPES = YES;
				CLANG_WARN_SUSPICIOUS_MOVE = YES;
				CLANG_WARN_UNGUARDED_AVAILABILITY = YES_AGGRESSIVE;
				CLANG_WARN_UNREACHABLE_CODE = YES;
				CLANG_WARN__DUPLICATE_METHOD_MATCH = YES;
				COPY_PHASE_STRIP = NO;
				DEBUG_INFORMATION_FORMAT = dwarf;
				ENABLE_STRICT_OBJC_MSGSEND = YES;
				ENABLE_TESTABILITY = YES;
				GCC_C_LANGUAGE_STANDARD = gnu11;
				GCC_DYNAMIC_NO_PIC = NO;
				GCC_NO_COMMON_BLOCKS = YES;
				GCC_OPTIMIZATION_LEVEL = 0;
				GCC_PREPROCESSOR_DEFINITIONS = (
					"DEBUG=1",
					"$(inherited)",
				);
				GCC_WARN_64_TO_32_BIT_CONVERSION = YES;
				GCC_WARN_ABOUT_RETURN_TYPE = YES_ERROR;
				GCC_WARN_UNDECLARED_SELECTOR = YES;
				GCC_WARN_UNINITIALIZED_AUTOS = YES_AGGRESSIVE;
				GCC_WARN_UNUSED_FUNCTION = YES;
				GCC_WARN_UNUSED_VARIABLE = YES;
				IPHONEOS_DEPLOYMENT_TARGET = 16.0;
				MTL_ENABLE_DEBUG_INFO = INCLUDE_SOURCE;
				MTL_FAST_MATH = YES;
				ONLY_ACTIVE_ARCH = YES;
				SDKROOT = iphoneos;
				SWIFT_ACTIVE_COMPILATION_CONDITIONS = DEBUG;
				SWIFT_OPTIMIZATION_LEVEL = "-Onone";
			};
			name = Debug;
		};
		4362D69C29091DDE00A92FFC /* Release */ = {
			isa = XCBuildConfiguration;
			buildSettings = {
				ALWAYS_SEARCH_USER_PATHS = NO;
				CLANG_ANALYZER_NONNULL = YES;
				CLANG_ANALYZER_NUMBER_OBJECT_CONVERSION = YES_AGGRESSIVE;
				CLANG_CXX_LANGUAGE_STANDARD = "gnu++20";
				CLANG_ENABLE_MODULES = YES;
				CLANG_ENABLE_OBJC_ARC = YES;
				CLANG_ENABLE_OBJC_WEAK = YES;
				CLANG_WARN_BLOCK_CAPTURE_AUTORELEASING = YES;
				CLANG_WARN_BOOL_CONVERSION = YES;
				CLANG_WARN_COMMA = YES;
				CLANG_WARN_CONSTANT_CONVERSION = YES;
				CLANG_WARN_DEPRECATED_OBJC_IMPLEMENTATIONS = YES;
				CLANG_WARN_DIRECT_OBJC_ISA_USAGE = YES_ERROR;
				CLANG_WARN_DOCUMENTATION_COMMENTS = YES;
				CLANG_WARN_EMPTY_BODY = YES;
				CLANG_WARN_ENUM_CONVERSION = YES;
				CLANG_WARN_INFINITE_RECURSION = YES;
				CLANG_WARN_INT_CONVERSION = YES;
				CLANG_WARN_NON_LITERAL_NULL_CONVERSION = YES;
				CLANG_WARN_OBJC_IMPLICIT_RETAIN_SELF = YES;
				CLANG_WARN_OBJC_LITERAL_CONVERSION = YES;
				CLANG_WARN_OBJC_ROOT_CLASS = YES_ERROR;
				CLANG_WARN_QUOTED_INCLUDE_IN_FRAMEWORK_HEADER = YES;
				CLANG_WARN_RANGE_LOOP_ANALYSIS = YES;
				CLANG_WARN_STRICT_PROTOTYPES = YES;
				CLANG_WARN_SUSPICIOUS_MOVE = YES;
				CLANG_WARN_UNGUARDED_AVAILABILITY = YES_AGGRESSIVE;
				CLANG_WARN_UNREACHABLE_CODE = YES;
				CLANG_WARN__DUPLICATE_METHOD_MATCH = YES;
				COPY_PHASE_STRIP = NO;
				DEBUG_INFORMATION_FORMAT = "dwarf-with-dsym";
				ENABLE_NS_ASSERTIONS = NO;
				ENABLE_STRICT_OBJC_MSGSEND = YES;
				GCC_C_LANGUAGE_STANDARD = gnu11;
				GCC_NO_COMMON_BLOCKS = YES;
				GCC_WARN_64_TO_32_BIT_CONVERSION = YES;
				GCC_WARN_ABOUT_RETURN_TYPE = YES_ERROR;
				GCC_WARN_UNDECLARED_SELECTOR = YES;
				GCC_WARN_UNINITIALIZED_AUTOS = YES_AGGRESSIVE;
				GCC_WARN_UNUSED_FUNCTION = YES;
				GCC_WARN_UNUSED_VARIABLE = YES;
				IPHONEOS_DEPLOYMENT_TARGET = 16.0;
				MTL_ENABLE_DEBUG_INFO = NO;
				MTL_FAST_MATH = YES;
				SDKROOT = iphoneos;
				SWIFT_COMPILATION_MODE = wholemodule;
				SWIFT_OPTIMIZATION_LEVEL = "-O";
				VALIDATE_PRODUCT = YES;
			};
			name = Release;
		};
		4362D69E29091DDE00A92FFC /* Debug */ = {
			isa = XCBuildConfiguration;
			buildSettings = {
				ASSETCATALOG_COMPILER_APPICON_NAME = AppIcon;
				ASSETCATALOG_COMPILER_GLOBAL_ACCENT_COLOR_NAME = AccentColor;
				CODE_SIGN_STYLE = Automatic;
				CURRENT_PROJECT_VERSION = 1;
				DEVELOPMENT_ASSET_PATHS = "\"SwiftGraphQLApolloSample/Preview Content\"";
				DEVELOPMENT_TEAM = 97MHK6W334;
				ENABLE_PREVIEWS = YES;
				GENERATE_INFOPLIST_FILE = YES;
				INFOPLIST_KEY_UIApplicationSceneManifest_Generation = YES;
				INFOPLIST_KEY_UIApplicationSupportsIndirectInputEvents = YES;
				INFOPLIST_KEY_UILaunchScreen_Generation = YES;
				INFOPLIST_KEY_UISupportedInterfaceOrientations_iPad = "UIInterfaceOrientationPortrait UIInterfaceOrientationPortraitUpsideDown UIInterfaceOrientationLandscapeLeft UIInterfaceOrientationLandscapeRight";
				INFOPLIST_KEY_UISupportedInterfaceOrientations_iPhone = "UIInterfaceOrientationPortrait UIInterfaceOrientationLandscapeLeft UIInterfaceOrientationLandscapeRight";
				IPHONEOS_DEPLOYMENT_TARGET = 14.0;
				LD_RUNPATH_SEARCH_PATHS = (
					"$(inherited)",
					"@executable_path/Frameworks",
				);
				MARKETING_VERSION = 1.0;
				PRODUCT_BUNDLE_IDENTIFIER = com.studioKaori.SwiftGraphQLApolloSample;
				PRODUCT_NAME = "$(TARGET_NAME)";
				SWIFT_EMIT_LOC_STRINGS = YES;
				SWIFT_VERSION = 5.0;
				TARGETED_DEVICE_FAMILY = "1,2";
			};
			name = Debug;
		};
		4362D69F29091DDE00A92FFC /* Release */ = {
			isa = XCBuildConfiguration;
			buildSettings = {
				ASSETCATALOG_COMPILER_APPICON_NAME = AppIcon;
				ASSETCATALOG_COMPILER_GLOBAL_ACCENT_COLOR_NAME = AccentColor;
				CODE_SIGN_STYLE = Automatic;
				CURRENT_PROJECT_VERSION = 1;
				DEVELOPMENT_ASSET_PATHS = "\"SwiftGraphQLApolloSample/Preview Content\"";
				DEVELOPMENT_TEAM = 97MHK6W334;
				ENABLE_PREVIEWS = YES;
				GENERATE_INFOPLIST_FILE = YES;
				INFOPLIST_KEY_UIApplicationSceneManifest_Generation = YES;
				INFOPLIST_KEY_UIApplicationSupportsIndirectInputEvents = YES;
				INFOPLIST_KEY_UILaunchScreen_Generation = YES;
				INFOPLIST_KEY_UISupportedInterfaceOrientations_iPad = "UIInterfaceOrientationPortrait UIInterfaceOrientationPortraitUpsideDown UIInterfaceOrientationLandscapeLeft UIInterfaceOrientationLandscapeRight";
				INFOPLIST_KEY_UISupportedInterfaceOrientations_iPhone = "UIInterfaceOrientationPortrait UIInterfaceOrientationLandscapeLeft UIInterfaceOrientationLandscapeRight";
				IPHONEOS_DEPLOYMENT_TARGET = 14.0;
				LD_RUNPATH_SEARCH_PATHS = (
					"$(inherited)",
					"@executable_path/Frameworks",
				);
				MARKETING_VERSION = 1.0;
				PRODUCT_BUNDLE_IDENTIFIER = com.studioKaori.SwiftGraphQLApolloSample;
				PRODUCT_NAME = "$(TARGET_NAME)";
				SWIFT_EMIT_LOC_STRINGS = YES;
				SWIFT_VERSION = 5.0;
				TARGETED_DEVICE_FAMILY = "1,2";
			};
			name = Release;
		};
/* End XCBuildConfiguration section */

/* Begin XCConfigurationList section */
		4362D68A29091DDD00A92FFC /* Build configuration list for PBXProject "SwiftGraphQLApolloSample" */ = {
			isa = XCConfigurationList;
			buildConfigurations = (
				4362D69B29091DDE00A92FFC /* Debug */,
				4362D69C29091DDE00A92FFC /* Release */,
			);
			defaultConfigurationIsVisible = 0;
			defaultConfigurationName = Release;
		};
		4362D69D29091DDE00A92FFC /* Build configuration list for PBXNativeTarget "SwiftGraphQLApolloSample" */ = {
			isa = XCConfigurationList;
			buildConfigurations = (
				4362D69E29091DDE00A92FFC /* Debug */,
				4362D69F29091DDE00A92FFC /* Release */,
			);
			defaultConfigurationIsVisible = 0;
			defaultConfigurationName = Release;
		};
/* End XCConfigurationList section */

/* Begin XCRemoteSwiftPackageReference section */
		4362D6A029091EF100A92FFC /* XCRemoteSwiftPackageReference "apollo-ios" */ = {
			isa = XCRemoteSwiftPackageReference;
			repositoryURL = "https://github.com/apollographql/apollo-ios.git";
			requirement = {
				kind = upToNextMajorVersion;
				minimumVersion = 1.0.0;
			};
		};
/* End XCRemoteSwiftPackageReference section */

/* Begin XCSwiftPackageProductDependency section */
		4362D6A129091EF100A92FFC /* Apollo */ = {
			isa = XCSwiftPackageProductDependency;
			package = 4362D6A029091EF100A92FFC /* XCRemoteSwiftPackageReference "apollo-ios" */;
			productName = Apollo;
		};
		4362D6A329091EF100A92FFC /* Apollo-Dynamic */ = {
			isa = XCSwiftPackageProductDependency;
			package = 4362D6A029091EF100A92FFC /* XCRemoteSwiftPackageReference "apollo-ios" */;
			productName = "Apollo-Dynamic";
		};
		4362D6A529091EF100A92FFC /* ApolloAPI */ = {
			isa = XCSwiftPackageProductDependency;
			package = 4362D6A029091EF100A92FFC /* XCRemoteSwiftPackageReference "apollo-ios" */;
			productName = ApolloAPI;
		};
		4362D6A729091EF100A92FFC /* ApolloCodegenLib */ = {
			isa = XCSwiftPackageProductDependency;
			package = 4362D6A029091EF100A92FFC /* XCRemoteSwiftPackageReference "apollo-ios" */;
			productName = ApolloCodegenLib;
		};
		4362D6A929091EF100A92FFC /* ApolloSQLite */ = {
			isa = XCSwiftPackageProductDependency;
			package = 4362D6A029091EF100A92FFC /* XCRemoteSwiftPackageReference "apollo-ios" */;
			productName = ApolloSQLite;
		};
		4362D6AB29091EF100A92FFC /* ApolloTestSupport */ = {
			isa = XCSwiftPackageProductDependency;
			package = 4362D6A029091EF100A92FFC /* XCRemoteSwiftPackageReference "apollo-ios" */;
			productName = ApolloTestSupport;
		};
		4362D6AD29091EF100A92FFC /* ApolloWebSocket */ = {
			isa = XCSwiftPackageProductDependency;
			package = 4362D6A029091EF100A92FFC /* XCRemoteSwiftPackageReference "apollo-ios" */;
			productName = ApolloWebSocket;
		};
		4362D6AF29091EF100A92FFC /* apollo-ios-cli */ = {
			isa = XCSwiftPackageProductDependency;
			package = 4362D6A029091EF100A92FFC /* XCRemoteSwiftPackageReference "apollo-ios" */;
			productName = "apollo-ios-cli";
		};
/* End XCSwiftPackageProductDependency section */
	};
	rootObject = 4362D68729091DDD00A92FFC /* Project object */;
}
